{
    "version": 3,
    "terraform_version": "0.10.8",
    "serial": 7,
    "lineage": "e9b7d546-e6a8-4212-9d8a-ac0a0a5d677d",
    "modules": [
        {
            "path": [
                "root"
            ],
            "outputs": {},
            "resources": {
                "azurerm_network_interface.main": {
                    "type": "azurerm_network_interface",
                    "depends_on": [
                        "azurerm_subnet.main"
                    ],
                    "primary": {
                        "id": "/subscriptions/3c142c7b-6bc0-4b1e-9fd8-8ae2086f1442/resourceGroups/main-resource/providers/Microsoft.Network/networkInterfaces/main-nic",
                        "attributes": {
                            "applied_dns_servers.#": "0",
                            "dns_servers.#": "0",
                            "enable_accelerated_networking": "false",
                            "enable_ip_forwarding": "false",
                            "id": "/subscriptions/3c142c7b-6bc0-4b1e-9fd8-8ae2086f1442/resourceGroups/main-resource/providers/Microsoft.Network/networkInterfaces/main-nic",
                            "internal_dns_name_label": "",
                            "internal_fqdn": "",
                            "ip_configuration.#": "1",
                            "ip_configuration.0.application_gateway_backend_address_pools_ids.#": "0",
                            "ip_configuration.0.application_security_group_ids.#": "0",
                            "ip_configuration.0.load_balancer_backend_address_pools_ids.#": "0",
                            "ip_configuration.0.load_balancer_inbound_nat_rules_ids.#": "0",
                            "ip_configuration.0.name": "testconfiguration1",
                            "ip_configuration.0.primary": "true",
                            "ip_configuration.0.private_ip_address": "",
                            "ip_configuration.0.private_ip_address_allocation": "dynamic",
                            "ip_configuration.0.private_ip_address_version": "IPv4",
                            "ip_configuration.0.public_ip_address_id": "",
                            "ip_configuration.0.subnet_id": "/subscriptions/3c142c7b-6bc0-4b1e-9fd8-8ae2086f1442/resourceGroups/main-resource/providers/Microsoft.Network/virtualNetworks/main-virtual/subnets/first",
                            "location": "eastus",
                            "mac_address": "",
                            "name": "main-nic",
                            "network_security_group_id": "",
                            "private_ip_address": "10.0.0.4",
                            "private_ip_addresses.#": "1",
                            "private_ip_addresses.0": "10.0.0.4",
                            "resource_group_name": "main-resource",
                            "tags.%": "0"
                        },
                        "meta": {},
                        "tainted": false
                    },
                    "deposed": [],
                    "provider": ""
                },
                "azurerm_resource_group.main": {
                    "type": "azurerm_resource_group",
                    "depends_on": [],
                    "primary": {
                        "id": "/subscriptions/3c142c7b-6bc0-4b1e-9fd8-8ae2086f1442/resourceGroups/main-resource",
                        "attributes": {
                            "id": "/subscriptions/3c142c7b-6bc0-4b1e-9fd8-8ae2086f1442/resourceGroups/main-resource",
                            "location": "eastus",
                            "name": "main-resource",
                            "tags.%": "0"
                        },
                        "meta": {},
                        "tainted": false
                    },
                    "deposed": [],
                    "provider": ""
                },
                "azurerm_subnet.main": {
                    "type": "azurerm_subnet",
                    "depends_on": [],
                    "primary": {
                        "id": "/subscriptions/3c142c7b-6bc0-4b1e-9fd8-8ae2086f1442/resourceGroups/main-resource/providers/Microsoft.Network/virtualNetworks/main-virtual/subnets/first",
                        "attributes": {
                            "address_prefix": "10.0.0.0/24",
                            "delegation.#": "0",
                            "id": "/subscriptions/3c142c7b-6bc0-4b1e-9fd8-8ae2086f1442/resourceGroups/main-resource/providers/Microsoft.Network/virtualNetworks/main-virtual/subnets/first",
                            "ip_configurations.#": "1",
                            "ip_configurations.2770514125": "/subscriptions/3c142c7b-6bc0-4b1e-9fd8-8ae2086f1442/resourceGroups/main-resource/providers/Microsoft.Network/networkInterfaces/main-nic/ipConfigurations/testconfiguration1",
                            "name": "first",
                            "network_security_group_id": "",
                            "resource_group_name": "main-resource",
                            "route_table_id": "",
                            "service_endpoints.#": "0",
                            "virtual_network_name": "main-virtual"
                        },
                        "meta": {},
                        "tainted": false
                    },
                    "deposed": [],
                    "provider": ""
                },
                "azurerm_virtual_machine.main": {
                    "type": "azurerm_virtual_machine",
                    "depends_on": [
                        "azurerm_network_interface.main"
                    ],
                    "primary": {
                        "id": "/subscriptions/3c142c7b-6bc0-4b1e-9fd8-8ae2086f1442/resourceGroups/main-resource/providers/Microsoft.Compute/virtualMachines/new-vm-1",
                        "attributes": {
                            "additional_capabilities.#": "0",
                            "delete_data_disks_on_termination": "true",
                            "delete_os_disk_on_termination": "true",
                            "id": "/subscriptions/3c142c7b-6bc0-4b1e-9fd8-8ae2086f1442/resourceGroups/main-resource/providers/Microsoft.Compute/virtualMachines/new-vm-1",
                            "identity.#": "0",
                            "location": "eastus",
                            "name": "new-vm-1",
                            "network_interface_ids.#": "1",
                            "network_interface_ids.0": "/subscriptions/3c142c7b-6bc0-4b1e-9fd8-8ae2086f1442/resourceGroups/main-resource/providers/Microsoft.Network/networkInterfaces/main-nic",
                            "os_profile.#": "1",
                            "os_profile.3794061390.admin_password": "",
                            "os_profile.3794061390.admin_username": "steve",
                            "os_profile.3794061390.computer_name": "new-vm-1",
                            "os_profile.3794061390.custom_data": "",
                            "os_profile_linux_config.#": "1",
                            "os_profile_linux_config.2972667452.disable_password_authentication": "false",
                            "os_profile_linux_config.2972667452.ssh_keys.#": "0",
                            "os_profile_secrets.#": "0",
                            "os_profile_windows_config.#": "0",
                            "plan.#": "0",
                            "resource_group_name": "main-resource",
                            "storage_data_disk.#": "0",
                            "storage_image_reference.#": "1",
                            "storage_image_reference.1211973898.id": "",
                            "storage_image_reference.1211973898.offer": "UbuntuServer",
                            "storage_image_reference.1211973898.publisher": "Canonical",
                            "storage_image_reference.1211973898.sku": "18.04-LTS",
                            "storage_image_reference.1211973898.version": "latest",
                            "storage_os_disk.#": "1",
                            "storage_os_disk.0.caching": "ReadWrite",
                            "storage_os_disk.0.create_option": "FromImage",
                            "storage_os_disk.0.disk_size_gb": "30",
                            "storage_os_disk.0.image_uri": "",
                            "storage_os_disk.0.managed_disk_id": "/subscriptions/3c142c7b-6bc0-4b1e-9fd8-8ae2086f1442/resourceGroups/main-resource/providers/Microsoft.Compute/disks/myosdisk1",
                            "storage_os_disk.0.managed_disk_type": "Standard_LRS",
                            "storage_os_disk.0.name": "myosdisk1",
                            "storage_os_disk.0.os_type": "Linux",
                            "storage_os_disk.0.vhd_uri": "",
                            "storage_os_disk.0.write_accelerator_enabled": "false",
                            "tags.%": "1",
                            "tags.environment": "staging",
                            "vm_size": "Standard_DS1_v2",
                            "zones.#": "0"
                        },
                        "meta": {},
                        "tainted": false
                    },
                    "deposed": [],
                    "provider": ""
                },
                "azurerm_virtual_network.main": {
                    "type": "azurerm_virtual_network",
                    "depends_on": [],
                    "primary": {
                        "id": "/subscriptions/3c142c7b-6bc0-4b1e-9fd8-8ae2086f1442/resourceGroups/main-resource/providers/Microsoft.Network/virtualNetworks/main-virtual",
                        "attributes": {
                            "address_space.#": "1",
                            "address_space.0": "10.0.0.0/16",
                            "ddos_protection_plan.#": "0",
                            "dns_servers.#": "0",
                            "id": "/subscriptions/3c142c7b-6bc0-4b1e-9fd8-8ae2086f1442/resourceGroups/main-resource/providers/Microsoft.Network/virtualNetworks/main-virtual",
                            "location": "eastus",
                            "name": "main-virtual",
                            "resource_group_name": "main-resource",
                            "subnet.#": "1",
                            "subnet.1028305290.address_prefix": "10.0.0.0/24",
                            "subnet.1028305290.id": "/subscriptions/3c142c7b-6bc0-4b1e-9fd8-8ae2086f1442/resourceGroups/main-resource/providers/Microsoft.Network/virtualNetworks/main-virtual/subnets/first",
                            "subnet.1028305290.name": "first",
                            "subnet.1028305290.security_group": "",
                            "tags.%": "0"
                        },
                        "meta": {},
                        "tainted": false
                    },
                    "deposed": [],
                    "provider": ""
                }
            },
            "depends_on": []
        }
    ]
}
